
Microsoft Visual Studio Solution File, Format Version 12.00
# Visual Studio Version 17
VisualStudioVersion = 17.14.36705.20 d17.14
MinimumVisualStudioVersion = 10.0.40219.1
Project("{FAE04EC0-301F-11D3-BF4B-00C04F79EFBC}") = "WebAPIDotNet", "WebAPIDotNet\WebAPIDotNet.csproj", "{3E3325D7-5DE8-4828-832F-02618C66144B}"
EndProject
Global
	GlobalSection(SolutionConfigurationPlatforms) = preSolution
		Debug|Any CPU = Debug|Any CPU
		Release|Any CPU = Release|Any CPU
	EndGlobalSection
	GlobalSection(ProjectConfigurationPlatforms) = postSolution
		{3E3325D7-5DE8-4828-832F-02618C66144B}.Debug|Any CPU.ActiveCfg = Debug|Any CPU
		{3E3325D7-5DE8-4828-832F-02618C66144B}.Debug|Any CPU.Build.0 = Debug|Any CPU
		{3E3325D7-5DE8-4828-832F-02618C66144B}.Release|Any CPU.ActiveCfg = Release|Any CPU
		{3E3325D7-5DE8-4828-832F-02618C66144B}.Release|Any CPU.Build.0 = Release|Any CPU
	EndGlobalSection
	GlobalSection(SolutionProperties) = preSolution
		HideSolutionNode = FALSE
	EndGlobalSection
	GlobalSection(ExtensibilityGlobals) = postSolution
		SolutionGuid = {F1272E05-ED60-4213-98AF-FC0C510F9CAF}
	EndGlobalSection
EndGlobal
